<?xml version="1.0" encoding="utf-8"?>
<Project ToolsVersion="4.0" xmlns="http://schemas.microsoft.com/developer/msbuild/2003">
  <ItemGroup>
    <ClInclude Include="stdafx.h" />
    <ClInclude Include="Main.h" />
    <ClInclude Include="Demo\TerrainLodDemo.h">
      <Filter>Demo</Filter>
    </ClInclude>
    <ClInclude Include="Demo\AnimEditorDemo.h" />
    <ClInclude Include="Practice\DeferredPrac.h" />
    <ClInclude Include="Demo\PBRDemo.h" />
    <ClInclude Include="Demo\CSDemo.h" />
  </ItemGroup>
  <ItemGroup>
    <ClCompile Include="Main.cpp" />
    <ClCompile Include="Demo\TerrainLodDemo.cpp">
      <Filter>Demo</Filter>
    </ClCompile>
    <ClCompile Include="Demo\AnimEditorDemo.cpp" />
    <ClCompile Include="Practice\DeferredPrac.cpp" />
    <ClCompile Include="Demo\PBRDemo.cpp" />
    <ClCompile Include="Demo\CSDemo.cpp" />
  </ItemGroup>
  <ItemGroup>
    <Filter Include="Editors">
      <UniqueIdentifier>{6f40e157-5250-44af-b319-114c8bd90549}</UniqueIdentifier>
    </Filter>
    <Filter Include="Demo">
      <UniqueIdentifier>{c089e441-ed25-4768-aebe-fbd70c88fb8d}</UniqueIdentifier>
    </Filter>
    <Filter Include="Practice">
      <UniqueIdentifier>{7bd18b95-929f-4ec2-a548-ec620bee8968}</UniqueIdentifier>
    </Filter>
  </ItemGroup>
</Project>