<?xml version="1.0" encoding="utf-8"?>
<Project ToolsVersion="4.0" xmlns="http://schemas.microsoft.com/developer/msbuild/2003">
  <ItemGroup>
    <ClCompile Include="Renders\Texture.cpp">
      <Filter>Renders</Filter>
    </ClCompile>
    <ClCompile Include="Renders\Context.cpp">
      <Filter>Renders</Filter>
    </ClCompile>
    <ClCompile Include="Renders\Shader.cpp">
      <Filter>Renders</Filter>
    </ClCompile>
    <ClCompile Include="Systems\Mouse.cpp">
      <Filter>Systems</Filter>
    </ClCompile>
    <ClCompile Include="Systems\Time.cpp">
      <Filter>Systems</Filter>
    </ClCompile>
    <ClCompile Include="Systems\Window.cpp">
      <Filter>Systems</Filter>
    </ClCompile>
    <ClCompile Include="Systems\D3D.cpp">
      <Filter>Systems</Filter>
    </ClCompile>
    <ClCompile Include="Systems\Gui.cpp">
      <Filter>Systems</Filter>
    </ClCompile>
    <ClCompile Include="Systems\Keyboard.cpp">
      <Filter>Systems</Filter>
    </ClCompile>
    <ClCompile Include="Utilities\String.cpp">
      <Filter>Utilities</Filter>
    </ClCompile>
    <ClCompile Include="Utilities\Xml.cpp">
      <Filter>Utilities</Filter>
    </ClCompile>
    <ClCompile Include="Utilities\BinaryFile.cpp">
      <Filter>Utilities</Filter>
    </ClCompile>
    <ClCompile Include="Utilities\Math.cpp">
      <Filter>Utilities</Filter>
    </ClCompile>
    <ClCompile Include="Utilities\Path.cpp">
      <Filter>Utilities</Filter>
    </ClCompile>
    <ClCompile Include="Viewer\Orthographic.cpp">
      <Filter>Viewer</Filter>
    </ClCompile>
    <ClCompile Include="Viewer\Perspective.cpp">
      <Filter>Viewer</Filter>
    </ClCompile>
    <ClCompile Include="Viewer\Projection.cpp">
      <Filter>Viewer</Filter>
    </ClCompile>
    <ClCompile Include="Viewer\Viewport.cpp">
      <Filter>Viewer</Filter>
    </ClCompile>
    <ClCompile Include="Environment\BillBoard.cpp">
      <Filter>Environment</Filter>
    </ClCompile>
    <ClCompile Include="Environment\OceanWater.cpp">
      <Filter>Environment</Filter>
    </ClCompile>
    <ClCompile Include="Environment\PondWater.cpp">
      <Filter>Environment</Filter>
    </ClCompile>
    <ClCompile Include="Environment\Rain.cpp">
      <Filter>Environment</Filter>
    </ClCompile>
    <ClCompile Include="Environment\Sky.cpp">
      <Filter>Environment</Filter>
    </ClCompile>
    <ClCompile Include="Environment\Snow.cpp">
      <Filter>Environment</Filter>
    </ClCompile>
    <ClCompile Include="PostEffects\Bloom.cpp">
      <Filter>PostEffects</Filter>
    </ClCompile>
    <ClCompile Include="PostEffects\Distortion.cpp">
      <Filter>PostEffects</Filter>
    </ClCompile>
    <ClCompile Include="PostEffects\Masking.cpp">
      <Filter>PostEffects</Filter>
    </ClCompile>
    <ClCompile Include="PostEffects\NightVision.cpp">
      <Filter>PostEffects</Filter>
    </ClCompile>
    <ClCompile Include="PostEffects\Saturation.cpp">
      <Filter>PostEffects</Filter>
    </ClCompile>
    <ClCompile Include="PostEffects\Sepia.cpp">
      <Filter>PostEffects</Filter>
    </ClCompile>
    <ClCompile Include="PostEffects\Sharpening.cpp">
      <Filter>PostEffects</Filter>
    </ClCompile>
    <ClCompile Include="PostEffects\RadialBlur.cpp">
      <Filter>PostEffects</Filter>
    </ClCompile>
    <ClCompile Include="PostEffects\Vignette.cpp">
      <Filter>PostEffects</Filter>
    </ClCompile>
    <ClCompile Include="PostEffects\Wiggle.cpp">
      <Filter>PostEffects</Filter>
    </ClCompile>
    <ClCompile Include="Model\Model.cpp">
      <Filter>Model</Filter>
    </ClCompile>
    <ClCompile Include="Model\ModelAnimator.cpp">
      <Filter>Model</Filter>
    </ClCompile>
    <ClCompile Include="Model\ModelClip.cpp">
      <Filter>Model</Filter>
    </ClCompile>
    <ClCompile Include="Model\ModelMesh.cpp">
      <Filter>Model</Filter>
    </ClCompile>
    <ClCompile Include="Model\ModelRender.cpp">
      <Filter>Model</Filter>
    </ClCompile>
    <ClCompile Include="PostEffects\Default.cpp">
      <Filter>PostEffects</Filter>
    </ClCompile>
    <ClCompile Include="Meshes\Mesh.cpp">
      <Filter>Meshes</Filter>
    </ClCompile>
    <ClCompile Include="Meshes\MeshCube.cpp">
      <Filter>Meshes</Filter>
    </ClCompile>
    <ClCompile Include="Meshes\MeshCylinder.cpp">
      <Filter>Meshes</Filter>
    </ClCompile>
    <ClCompile Include="Meshes\MeshGrid.cpp">
      <Filter>Meshes</Filter>
    </ClCompile>
    <ClCompile Include="Meshes\MeshQuad.cpp">
      <Filter>Meshes</Filter>
    </ClCompile>
    <ClCompile Include="Meshes\MeshRender.cpp">
      <Filter>Meshes</Filter>
    </ClCompile>
    <ClCompile Include="Meshes\MeshSphere.cpp">
      <Filter>Meshes</Filter>
    </ClCompile>
    <ClCompile Include="Viewer\Fixity.cpp">
      <Filter>Viewer</Filter>
    </ClCompile>
    <ClCompile Include="Viewer\Freedom.cpp">
      <Filter>Viewer</Filter>
    </ClCompile>
    <ClCompile Include="Viewer\Frustum.cpp">
      <Filter>Viewer</Filter>
    </ClCompile>
    <ClCompile Include="Viewer\Orbit.cpp">
      <Filter>Viewer</Filter>
    </ClCompile>
    <ClCompile Include="Viewer\Projector.cpp">
      <Filter>Viewer</Filter>
    </ClCompile>
    <ClCompile Include="Viewer\RenderTarget.cpp">
      <Filter>Viewer</Filter>
    </ClCompile>
    <ClCompile Include="Renders\Buffers.cpp">
      <Filter>Renders</Filter>
    </ClCompile>
    <ClCompile Include="Viewer\DepthStencil.cpp">
      <Filter>Renders</Filter>
    </ClCompile>
    <ClCompile Include="Environment\Terrain.cpp">
      <Filter>Environment</Filter>
    </ClCompile>
    <ClCompile Include="Environment\TerrainLod.cpp">
      <Filter>Environment</Filter>
    </ClCompile>
    <ClCompile Include="PostEffects\HDR_Tone.cpp">
      <Filter>PostEffects</Filter>
    </ClCompile>
    <ClCompile Include="ScreenSpace\SSAO.cpp">
      <Filter>PostEffects\ScreenSpace</Filter>
    </ClCompile>
    <ClCompile Include="ScreenSpace\SSLR.cpp">
      <Filter>PostEffects\ScreenSpace</Filter>
    </ClCompile>
    <ClCompile Include="Utilities\FFT.cpp">
      <Filter>Environment\FFTOcean</Filter>
    </ClCompile>
    <ClCompile Include="Environment\Ocean\FFTOcean.cpp">
      <Filter>Environment\FFTOcean</Filter>
    </ClCompile>
    <ClCompile Include="Environment\Ocean\FFTOceanSimulator.cpp">
      <Filter>Environment\FFTOcean</Filter>
    </ClCompile>
    <ClCompile Include="ParticleSystem\ParticleSystem.cpp" />
    <ClCompile Include="Utilities\ImGuizmo.cpp">
      <Filter>Utilities</Filter>
    </ClCompile>
    <ClCompile Include="Model\Loader\Converter.cpp">
      <Filter>Model\Loader</Filter>
    </ClCompile>
    <ClCompile Include="Model\AnimationUtility\AnimationNotify.cpp">
      <Filter>Model</Filter>
    </ClCompile>
    <ClCompile Include="Utilities\QuadTree.cpp">
      <Filter>Utilities</Filter>
    </ClCompile>
    <ClCompile Include="Utilities\Perlin.cpp">
      <Filter>Utilities</Filter>
    </ClCompile>
    <ClCompile Include="Viewer\Camera.cpp">
      <Filter>Viewer</Filter>
    </ClCompile>
    <ClCompile Include="ImguiWidget\Widget_Contents.cpp" />
    <ClCompile Include="ImguiWidget\WidgetUtility\IconProvider.cpp" />
    <ClCompile Include="Utilities\DebugLine.cpp">
      <Filter>Renders</Filter>
    </ClCompile>
    <ClCompile Include="ScreenSpace\Render2D.cpp">
      <Filter>Renders</Filter>
    </ClCompile>
    <ClCompile Include="ScreenSpace\GBuffer.cpp">
      <Filter>Objects</Filter>
    </ClCompile>
    <ClCompile Include="Environment\Sky\Atmosphere.cpp">
      <Filter>Environment\Sky</Filter>
    </ClCompile>
    <ClCompile Include="Environment\Sky\Moon.cpp">
      <Filter>Environment\Sky</Filter>
    </ClCompile>
    <ClCompile Include="Environment\Sky\Cloud.cpp">
      <Filter>Environment\Sky</Filter>
    </ClCompile>
    <ClCompile Include="Environment\Sky\Scattering.cpp">
      <Filter>Environment\Sky</Filter>
    </ClCompile>
    <ClCompile Include="Effect\TrailRenderer.cpp" />
    <ClCompile Include="Effect\ModelIllusion.cpp" />
    <ClCompile Include="Renders\Renderer.cpp">
      <Filter>Renders</Filter>
    </ClCompile>
    <ClCompile Include="Utilities\GUID_Generator.cpp" />
    <ClCompile Include="Editor\AnimationEditor.cpp" />
    <ClCompile Include="ParticleSystem\ParticleEmitter.cpp" />
    <ClCompile Include="Editor\ParticleEditor.cpp" />
    <ClCompile Include="PostEffects\Fog.cpp" />
    <ClCompile Include="Components\Common\Material.cpp">
      <Filter>Renders</Filter>
    </ClCompile>
    <ClCompile Include="Components\Common\MaterialPBR.cpp" />
    <ClCompile Include="Components\Common\PerFrame.cpp">
      <Filter>Renders</Filter>
    </ClCompile>
    <ClCompile Include="Components\Common\Transform.cpp">
      <Filter>Renders</Filter>
    </ClCompile>
    <ClCompile Include="Components\ObjectBase\ModelMeshComponent.cpp" />
    <ClCompile Include="Components\ObjectBase\FigureMeshComponent.cpp" />
    <ClCompile Include="Components\ObjectBase\CameraComponent.cpp" />
    <ClCompile Include="Collision\Collider.cpp">
      <Filter>Objects</Filter>
    </ClCompile>
    <ClCompile Include="Collision\CapsuleCollider.cpp" />
    <ClCompile Include="Collision\SphereCollider.cpp" />
    <ClCompile Include="Collision\OBBCollider.cpp" />
    <ClCompile Include="Components\ObjectBase\ObjectBaseComponent.cpp" />
    <ClCompile Include="LightEffects\CSM.cpp">
      <Filter>Objects</Filter>
    </ClCompile>
    <ClCompile Include="LightEffects\Light.cpp">
      <Filter>Objects</Filter>
    </ClCompile>
    <ClCompile Include="LightEffects\Mirror.cpp">
      <Filter>Objects</Filter>
    </ClCompile>
    <ClCompile Include="LightEffects\Shadow.cpp">
      <Filter>Objects</Filter>
    </ClCompile>
    <ClCompile Include="Objects\Actor\Actor.cpp" />
    <ClCompile Include="Assets\ContentsAsset.cpp" />
    <ClCompile Include="Assets\ContentsAsset\ModelAsset.cpp" />
    <ClCompile Include="Assets\AssetManager.cpp" />
    <ClCompile Include="Assets\ContentsAsset\TextureAsset.cpp" />
    <ClCompile Include="Editor\ActorEditor.cpp" />
    <ClCompile Include="Components\ObjectBase\OBB_CollisionComponent.cpp" />
    <ClCompile Include="Objects\Actor\Player.cpp" />
    <ClCompile Include="Objects\ObjectPicker.cpp" />
  </ItemGroup>
  <ItemGroup>
    <Filter Include="Renders">
      <UniqueIdentifier>{d5c6e8fc-cec2-4e28-b887-360c42f12e95}</UniqueIdentifier>
    </Filter>
    <Filter Include="Systems">
      <UniqueIdentifier>{8ab1a98f-0e44-4d87-914d-e79f53d78f29}</UniqueIdentifier>
    </Filter>
    <Filter Include="Utilities">
      <UniqueIdentifier>{6dcbccd0-d1f2-4864-9532-2caff6ba0a53}</UniqueIdentifier>
    </Filter>
    <Filter Include="Viewer">
      <UniqueIdentifier>{10a43c4d-ea38-42f3-bad6-f7d4524175fd}</UniqueIdentifier>
    </Filter>
    <Filter Include="Environment">
      <UniqueIdentifier>{50ef6fe2-894f-4f98-8ea7-5ced87faf40f}</UniqueIdentifier>
    </Filter>
    <Filter Include="PostEffects">
      <UniqueIdentifier>{7a4164bb-621d-4c6f-b9aa-60fb84a12548}</UniqueIdentifier>
    </Filter>
    <Filter Include="Model">
      <UniqueIdentifier>{54c6003b-1ae0-40be-9445-aa2e73856815}</UniqueIdentifier>
    </Filter>
    <Filter Include="Meshes">
      <UniqueIdentifier>{f8b45a0f-e627-43b5-a28e-6bdf4d2517f1}</UniqueIdentifier>
    </Filter>
    <Filter Include="Objects">
      <UniqueIdentifier>{9852677f-4d17-4987-b40b-57bd3b2da99b}</UniqueIdentifier>
    </Filter>
    <Filter Include="PostEffects\ScreenSpace">
      <UniqueIdentifier>{b420688e-e798-481c-a218-7ad8aa492a65}</UniqueIdentifier>
    </Filter>
    <Filter Include="Environment\Sky">
      <UniqueIdentifier>{88154873-1ea4-4fd7-86b8-dcba5aa263ae}</UniqueIdentifier>
    </Filter>
    <Filter Include="Environment\FFTOcean">
      <UniqueIdentifier>{7e8f1e6f-c8da-404c-94c3-4c0cc751b83d}</UniqueIdentifier>
    </Filter>
    <Filter Include="ImguiWidget">
      <UniqueIdentifier>{758d4df3-98c9-406e-8c72-d029914b390f}</UniqueIdentifier>
    </Filter>
    <Filter Include="Model\Loader">
      <UniqueIdentifier>{2cb89d46-c482-4676-aa05-dbefe729bde3}</UniqueIdentifier>
    </Filter>
  </ItemGroup>
  <ItemGroup>
    <ClInclude Include="Renders\Shader.h">
      <Filter>Renders</Filter>
    </ClInclude>
    <ClInclude Include="Renders\Texture.h">
      <Filter>Renders</Filter>
    </ClInclude>
    <ClInclude Include="Renders\VertexLayouts.h">
      <Filter>Renders</Filter>
    </ClInclude>
    <ClInclude Include="Renders\Context.h">
      <Filter>Renders</Filter>
    </ClInclude>
    <ClInclude Include="Systems\Mouse.h">
      <Filter>Systems</Filter>
    </ClInclude>
    <ClInclude Include="Systems\Time.h">
      <Filter>Systems</Filter>
    </ClInclude>
    <ClInclude Include="Systems\Window.h">
      <Filter>Systems</Filter>
    </ClInclude>
    <ClInclude Include="Systems\D3D.h">
      <Filter>Systems</Filter>
    </ClInclude>
    <ClInclude Include="Systems\Gui.h">
      <Filter>Systems</Filter>
    </ClInclude>
    <ClInclude Include="Systems\IExecute.h">
      <Filter>Systems</Filter>
    </ClInclude>
    <ClInclude Include="Systems\Keyboard.h">
      <Filter>Systems</Filter>
    </ClInclude>
    <ClInclude Include="Utilities\String.h">
      <Filter>Utilities</Filter>
    </ClInclude>
    <ClInclude Include="Utilities\Xml.h">
      <Filter>Utilities</Filter>
    </ClInclude>
    <ClInclude Include="Utilities\BinaryFile.h">
      <Filter>Utilities</Filter>
    </ClInclude>
    <ClInclude Include="Utilities\Math.h">
      <Filter>Utilities</Filter>
    </ClInclude>
    <ClInclude Include="Utilities\Path.h">
      <Filter>Utilities</Filter>
    </ClInclude>
    <ClInclude Include="Viewer\Orthographic.h">
      <Filter>Viewer</Filter>
    </ClInclude>
    <ClInclude Include="Viewer\Perspective.h">
      <Filter>Viewer</Filter>
    </ClInclude>
    <ClInclude Include="Viewer\Projection.h">
      <Filter>Viewer</Filter>
    </ClInclude>
    <ClInclude Include="Viewer\Viewport.h">
      <Filter>Viewer</Filter>
    </ClInclude>
    <ClInclude Include="Framework.h" />
    <ClInclude Include="Environment\BillBoard.h">
      <Filter>Environment</Filter>
    </ClInclude>
    <ClInclude Include="Environment\OceanWater.h">
      <Filter>Environment</Filter>
    </ClInclude>
    <ClInclude Include="Environment\PondWater.h">
      <Filter>Environment</Filter>
    </ClInclude>
    <ClInclude Include="Environment\Rain.h">
      <Filter>Environment</Filter>
    </ClInclude>
    <ClInclude Include="Environment\Sky.h">
      <Filter>Environment</Filter>
    </ClInclude>
    <ClInclude Include="Environment\Snow.h">
      <Filter>Environment</Filter>
    </ClInclude>
    <ClInclude Include="PostEffects\Bloom.h">
      <Filter>PostEffects</Filter>
    </ClInclude>
    <ClInclude Include="PostEffects\Distortion.h">
      <Filter>PostEffects</Filter>
    </ClInclude>
    <ClInclude Include="PostEffects\Masking.h">
      <Filter>PostEffects</Filter>
    </ClInclude>
    <ClInclude Include="PostEffects\NightVision.h">
      <Filter>PostEffects</Filter>
    </ClInclude>
    <ClInclude Include="PostEffects\Saturation.h">
      <Filter>PostEffects</Filter>
    </ClInclude>
    <ClInclude Include="PostEffects\Sepia.h">
      <Filter>PostEffects</Filter>
    </ClInclude>
    <ClInclude Include="PostEffects\Sharpening.h">
      <Filter>PostEffects</Filter>
    </ClInclude>
    <ClInclude Include="PostEffects\RadialBlur.h">
      <Filter>PostEffects</Filter>
    </ClInclude>
    <ClInclude Include="PostEffects\Vignette.h">
      <Filter>PostEffects</Filter>
    </ClInclude>
    <ClInclude Include="PostEffects\Wiggle.h">
      <Filter>PostEffects</Filter>
    </ClInclude>
    <ClInclude Include="Model\Model.h">
      <Filter>Model</Filter>
    </ClInclude>
    <ClInclude Include="Model\ModelAnimator.h">
      <Filter>Model</Filter>
    </ClInclude>
    <ClInclude Include="Model\ModelClip.h">
      <Filter>Model</Filter>
    </ClInclude>
    <ClInclude Include="Model\ModelMesh.h">
      <Filter>Model</Filter>
    </ClInclude>
    <ClInclude Include="Model\ModelRender.h">
      <Filter>Model</Filter>
    </ClInclude>
    <ClInclude Include="PostEffects\Default.h">
      <Filter>PostEffects</Filter>
    </ClInclude>
    <ClInclude Include="Meshes\Mesh.h">
      <Filter>Meshes</Filter>
    </ClInclude>
    <ClInclude Include="Meshes\MeshCube.h">
      <Filter>Meshes</Filter>
    </ClInclude>
    <ClInclude Include="Meshes\MeshCylinder.h">
      <Filter>Meshes</Filter>
    </ClInclude>
    <ClInclude Include="Meshes\MeshGrid.h">
      <Filter>Meshes</Filter>
    </ClInclude>
    <ClInclude Include="Meshes\MeshQuad.h">
      <Filter>Meshes</Filter>
    </ClInclude>
    <ClInclude Include="Meshes\MeshRender.h">
      <Filter>Meshes</Filter>
    </ClInclude>
    <ClInclude Include="Meshes\MeshSphere.h">
      <Filter>Meshes</Filter>
    </ClInclude>
    <ClInclude Include="Viewer\Fixity.h">
      <Filter>Viewer</Filter>
    </ClInclude>
    <ClInclude Include="Viewer\Freedom.h">
      <Filter>Viewer</Filter>
    </ClInclude>
    <ClInclude Include="Viewer\Frustum.h">
      <Filter>Viewer</Filter>
    </ClInclude>
    <ClInclude Include="Viewer\Orbit.h">
      <Filter>Viewer</Filter>
    </ClInclude>
    <ClInclude Include="Viewer\Projector.h">
      <Filter>Viewer</Filter>
    </ClInclude>
    <ClInclude Include="Viewer\RenderTarget.h">
      <Filter>Viewer</Filter>
    </ClInclude>
    <ClInclude Include="Renders\Buffers.h">
      <Filter>Renders</Filter>
    </ClInclude>
    <ClInclude Include="Viewer\DepthStencil.h">
      <Filter>Renders</Filter>
    </ClInclude>
    <ClInclude Include="Environment\Terrain.h">
      <Filter>Environment</Filter>
    </ClInclude>
    <ClInclude Include="Environment\TerrainLod.h">
      <Filter>Environment</Filter>
    </ClInclude>
    <ClInclude Include="PostEffects\HDR_Tone.h">
      <Filter>PostEffects</Filter>
    </ClInclude>
    <ClInclude Include="ScreenSpace\SSAO.h">
      <Filter>PostEffects\ScreenSpace</Filter>
    </ClInclude>
    <ClInclude Include="ScreenSpace\SSLR.h">
      <Filter>PostEffects\ScreenSpace</Filter>
    </ClInclude>
    <ClInclude Include="Utilities\FFT.h">
      <Filter>Environment\FFTOcean</Filter>
    </ClInclude>
    <ClInclude Include="Environment\Ocean\FFTOcean.h">
      <Filter>Environment\FFTOcean</Filter>
    </ClInclude>
    <ClInclude Include="Environment\Ocean\FFTOceanSimulator.h">
      <Filter>Environment\FFTOcean</Filter>
    </ClInclude>
    <ClInclude Include="ParticleSystem\ParticleSystem.h" />
    <ClInclude Include="Utilities\ImGuizmo.h">
      <Filter>Utilities</Filter>
    </ClInclude>
    <ClInclude Include="ImguiWidget\IWidget.h">
      <Filter>ImguiWidget</Filter>
    </ClInclude>
    <ClInclude Include="ImguiWidget\WidgetUtility\EditorHelper.h">
      <Filter>ImguiWidget</Filter>
    </ClInclude>
    <ClInclude Include="ImguiWidget\WidgetUtility\DragDrop.h">
      <Filter>ImguiWidget</Filter>
    </ClInclude>
    <ClInclude Include="Model\Loader\Converter.h">
      <Filter>Model\Loader</Filter>
    </ClInclude>
    <ClInclude Include="Model\Loader\Types.h">
      <Filter>Model\Loader</Filter>
    </ClInclude>
    <ClInclude Include="Model\AnimationUtility\AnimationNotify.h">
      <Filter>Model</Filter>
    </ClInclude>
    <ClInclude Include="Utilities\QuadTree.h">
      <Filter>Utilities</Filter>
    </ClInclude>
    <ClInclude Include="Utilities\Perlin.h">
      <Filter>Utilities</Filter>
    </ClInclude>
    <ClInclude Include="Viewer\Camera.h">
      <Filter>Viewer</Filter>
    </ClInclude>
    <ClInclude Include="ImguiWidget\Widget_Contents.h" />
    <ClInclude Include="ImguiWidget\WidgetUtility\IconProvider.h" />
    <ClInclude Include="Utilities\DebugLine.h">
      <Filter>Renders</Filter>
    </ClInclude>
    <ClInclude Include="ScreenSpace\Render2D.h">
      <Filter>Renders</Filter>
    </ClInclude>
    <ClInclude Include="ScreenSpace\GBuffer.h">
      <Filter>Objects</Filter>
    </ClInclude>
    <ClInclude Include="Environment\Sky\Atmosphere.h">
      <Filter>Environment\Sky</Filter>
    </ClInclude>
    <ClInclude Include="Environment\Sky\Moon.h">
      <Filter>Environment\Sky</Filter>
    </ClInclude>
    <ClInclude Include="Environment\Sky\Cloud.h">
      <Filter>Environment\Sky</Filter>
    </ClInclude>
    <ClInclude Include="Environment\Sky\Scattering.h">
      <Filter>Environment\Sky</Filter>
    </ClInclude>
    <ClInclude Include="Editor\IEditor.h" />
    <ClInclude Include="Effect\TrailRenderer.h" />
    <ClInclude Include="Effect\ModelIllusion.h" />
    <ClInclude Include="Renders\Renderer.h">
      <Filter>Renders</Filter>
    </ClInclude>
    <ClInclude Include="Utilities\GUID_Generator.h" />
    <ClInclude Include="Editor\AnimationEditor.h" />
    <ClInclude Include="ParticleSystem\ParticleEmitter.h" />
    <ClInclude Include="ParticleSystem\ParticleData.h" />
    <ClInclude Include="Editor\ParticleEditor.h" />
    <ClInclude Include="PostEffects\Fog.h" />
    <ClInclude Include="Components\IComponent.h" />
    <ClInclude Include="Components\CommonComponent.h" />
    <ClInclude Include="Components\Common\Material.h">
      <Filter>Renders</Filter>
    </ClInclude>
    <ClInclude Include="Components\Common\MaterialPBR.h" />
    <ClInclude Include="Components\Common\PerFrame.h">
      <Filter>Renders</Filter>
    </ClInclude>
    <ClInclude Include="Components\Common\Transform.h">
      <Filter>Renders</Filter>
    </ClInclude>
    <ClInclude Include="Components\ObjectBase\ModelMeshComponent.h" />
    <ClInclude Include="Components\ObjectBase\FigureMeshComponent.h" />
    <ClInclude Include="Components\ObjectBase\CameraComponent.h" />
    <ClInclude Include="Collision\Collider.h">
      <Filter>Objects</Filter>
    </ClInclude>
    <ClInclude Include="Collision\CapsuleCollider.h" />
    <ClInclude Include="Collision\SphereCollider.h" />
    <ClInclude Include="Collision\OBBCollider.h" />
    <ClInclude Include="Components\ObjectBase\ObjectBaseComponent.h" />
    <ClInclude Include="LightEffects\CSM.h">
      <Filter>Objects</Filter>
    </ClInclude>
    <ClInclude Include="LightEffects\Light.h">
      <Filter>Objects</Filter>
    </ClInclude>
    <ClInclude Include="LightEffects\Mirror.h">
      <Filter>Objects</Filter>
    </ClInclude>
    <ClInclude Include="LightEffects\Shadow.h">
      <Filter>Objects</Filter>
    </ClInclude>
    <ClInclude Include="Objects\Actor\Actor.h" />
    <ClInclude Include="Objects\BaseObject.h" />
    <ClInclude Include="Assets\ContentsAsset.h" />
    <ClInclude Include="Assets\ContentsAsset\ModelAsset.h" />
    <ClInclude Include="Assets\AssetManager.h" />
    <ClInclude Include="Assets\ContentsAsset\TextureAsset.h" />
    <ClInclude Include="Editor\ActorEditor.h" />
    <ClInclude Include="Components\ObjectBase\OBB_CollisionComponent.h" />
    <ClInclude Include="Objects\Actor\Player.h" />
    <ClInclude Include="Objects\ObjectPicker.h" />
  </ItemGroup>
</Project>